# This file is autogenerated, do not edit; changes may be undone by the next 'dep ensure'.


[[projects]]
  name = "github.com/blang/semver"
  packages = ["."]
  revision = "2ee87856327ba09384cabd113bc6b5d174e9ec0f"
  version = "v3.5.1"

[solve-meta]
  analyzer-name = "dep"
  analyzer-version = 1
  inputs-digest = "be719a3b24f2f25b8eb0fa2310b03a34163c73c12037baa1be03a5f893dc187a"
  solver-name = "gps-cdcl"
  solver-version = 1
